
Microsoft Visual Studio Solution File, Format Version 12.00
# Visual Studio Version 17
VisualStudioVersion = 17.13.35806.99
MinimumVisualStudioVersion = 10.0.40219.1
Project("{FAE04EC0-301F-11D3-BF4B-00C04F79EFBC}") = "DAL", "DAL\DAL.csproj", "{021DCD66-981F-428D-BE3F-CDDE60EE989F}"
EndProject
Project("{FAE04EC0-301F-11D3-BF4B-00C04F79EFBC}") = "BLL", "BLL\BLL.csproj", "{3393E6BA-A795-4342-B005-481595D67A2F}"
EndProject
Project("{FAE04EC0-301F-11D3-BF4B-00C04F79EFBC}") = "ENTITY", "ENTITY\ENTITY.csproj", "{63F92E14-DC83-4F2A-94CC-5CC648F98CFA}"
EndProject
Project("{FAE04EC0-301F-11D3-BF4B-00C04F79EFBC}") = "Presentacion", "Presentacion\Presentacion.csproj", "{34EF0E98-9D09-4431-8B62-EFDBE65C0257}"
EndProject
Global
	GlobalSection(SolutionConfigurationPlatforms) = preSolution
		Debug|Any CPU = Debug|Any CPU
		Release|Any CPU = Release|Any CPU
	EndGlobalSection
	GlobalSection(ProjectConfigurationPlatforms) = postSolution
		{021DCD66-981F-428D-BE3F-CDDE60EE989F}.Debug|Any CPU.ActiveCfg = Debug|Any CPU
		{021DCD66-981F-428D-BE3F-CDDE60EE989F}.Debug|Any CPU.Build.0 = Debug|Any CPU
		{021DCD66-981F-428D-BE3F-CDDE60EE989F}.Release|Any CPU.ActiveCfg = Release|Any CPU
		{021DCD66-981F-428D-BE3F-CDDE60EE989F}.Release|Any CPU.Build.0 = Release|Any CPU
		{3393E6BA-A795-4342-B005-481595D67A2F}.Debug|Any CPU.ActiveCfg = Debug|Any CPU
		{3393E6BA-A795-4342-B005-481595D67A2F}.Debug|Any CPU.Build.0 = Debug|Any CPU
		{3393E6BA-A795-4342-B005-481595D67A2F}.Release|Any CPU.ActiveCfg = Release|Any CPU
		{3393E6BA-A795-4342-B005-481595D67A2F}.Release|Any CPU.Build.0 = Release|Any CPU
		{63F92E14-DC83-4F2A-94CC-5CC648F98CFA}.Debug|Any CPU.ActiveCfg = Debug|Any CPU
		{63F92E14-DC83-4F2A-94CC-5CC648F98CFA}.Debug|Any CPU.Build.0 = Debug|Any CPU
		{63F92E14-DC83-4F2A-94CC-5CC648F98CFA}.Release|Any CPU.ActiveCfg = Release|Any CPU
		{63F92E14-DC83-4F2A-94CC-5CC648F98CFA}.Release|Any CPU.Build.0 = Release|Any CPU
		{34EF0E98-9D09-4431-8B62-EFDBE65C0257}.Debug|Any CPU.ActiveCfg = Debug|Any CPU
		{34EF0E98-9D09-4431-8B62-EFDBE65C0257}.Debug|Any CPU.Build.0 = Debug|Any CPU
		{34EF0E98-9D09-4431-8B62-EFDBE65C0257}.Release|Any CPU.ActiveCfg = Release|Any CPU
		{34EF0E98-9D09-4431-8B62-EFDBE65C0257}.Release|Any CPU.Build.0 = Release|Any CPU
	EndGlobalSection
	GlobalSection(SolutionProperties) = preSolution
		HideSolutionNode = FALSE
	EndGlobalSection
	GlobalSection(ExtensibilityGlobals) = postSolution
		SolutionGuid = {A7AAA1AE-CFBB-47AC-926F-AFA524EA31E9}
	EndGlobalSection
EndGlobal
